
Microsoft Visual Studio Solution File, Format Version 12.00
# Visual Studio 15
VisualStudioVersion = 15.0.27004.2009
MinimumVisualStudioVersion = 10.0.40219.1
Project("{FAE04EC0-301F-11D3-BF4B-00C04F79EFBC}") = "DiplomaProjectManagement.Model", "DiplomaProjectManagement.Model\DiplomaProjectManagement.Model.csproj", "{1C77E370-7B87-4E4A-945D-9AEE0163A767}"
EndProject
Project("{FAE04EC0-301F-11D3-BF4B-00C04F79EFBC}") = "DiplomaProjectManagement.Data", "DiplomaProjectManagement.Data\DiplomaProjectManagement.Data.csproj", "{067A857B-B80F-4250-8172-A9AABAB53FCF}"
EndProject
Project("{FAE04EC0-301F-11D3-BF4B-00C04F79EFBC}") = "DiplomaProjectManagement.Service", "DiplomaProjectManagement.Service\DiplomaProjectManagement.Service.csproj", "{8EB44383-2E46-4B18-B69C-12D1F86D0A21}"
EndProject
Project("{FAE04EC0-301F-11D3-BF4B-00C04F79EFBC}") = "DiplomaProjectManagement.Common", "DiplomaProjectManagement.Common\DiplomaProjectManagement.Common.csproj", "{0BB003FE-9835-4D7C-846B-A84DCB9F121A}"
EndProject
Project("{FAE04EC0-301F-11D3-BF4B-00C04F79EFBC}") = "DiplomaProjectManagement.Web", "DiplomaProjectManagement.Web\DiplomaProjectManagement.Web.csproj", "{568F7EED-7D62-4F04-B817-15BB082A5C82}"
EndProject
Project("{FAE04EC0-301F-11D3-BF4B-00C04F79EFBC}") = "DiplomaProjectManagement.Jobs.Server", "DiplomaProjectManagement.Jobs.Server\DiplomaProjectManagement.Jobs.Server.csproj", "{1C304A14-519A-49D7-A972-CAB0D0E3610D}"
EndProject
Global
	GlobalSection(SolutionConfigurationPlatforms) = preSolution
		Debug|Any CPU = Debug|Any CPU
		Release|Any CPU = Release|Any CPU
	EndGlobalSection
	GlobalSection(ProjectConfigurationPlatforms) = postSolution
		{1C77E370-7B87-4E4A-945D-9AEE0163A767}.Debug|Any CPU.ActiveCfg = Debug|Any CPU
		{1C77E370-7B87-4E4A-945D-9AEE0163A767}.Debug|Any CPU.Build.0 = Debug|Any CPU
		{1C77E370-7B87-4E4A-945D-9AEE0163A767}.Release|Any CPU.ActiveCfg = Release|Any CPU
		{1C77E370-7B87-4E4A-945D-9AEE0163A767}.Release|Any CPU.Build.0 = Release|Any CPU
		{067A857B-B80F-4250-8172-A9AABAB53FCF}.Debug|Any CPU.ActiveCfg = Debug|Any CPU
		{067A857B-B80F-4250-8172-A9AABAB53FCF}.Debug|Any CPU.Build.0 = Debug|Any CPU
		{067A857B-B80F-4250-8172-A9AABAB53FCF}.Release|Any CPU.ActiveCfg = Release|Any CPU
		{067A857B-B80F-4250-8172-A9AABAB53FCF}.Release|Any CPU.Build.0 = Release|Any CPU
		{8EB44383-2E46-4B18-B69C-12D1F86D0A21}.Debug|Any CPU.ActiveCfg = Debug|Any CPU
		{8EB44383-2E46-4B18-B69C-12D1F86D0A21}.Debug|Any CPU.Build.0 = Debug|Any CPU
		{8EB44383-2E46-4B18-B69C-12D1F86D0A21}.Release|Any CPU.ActiveCfg = Release|Any CPU
		{8EB44383-2E46-4B18-B69C-12D1F86D0A21}.Release|Any CPU.Build.0 = Release|Any CPU
		{0BB003FE-9835-4D7C-846B-A84DCB9F121A}.Debug|Any CPU.ActiveCfg = Debug|Any CPU
		{0BB003FE-9835-4D7C-846B-A84DCB9F121A}.Debug|Any CPU.Build.0 = Debug|Any CPU
		{0BB003FE-9835-4D7C-846B-A84DCB9F121A}.Release|Any CPU.ActiveCfg = Release|Any CPU
		{0BB003FE-9835-4D7C-846B-A84DCB9F121A}.Release|Any CPU.Build.0 = Release|Any CPU
		{568F7EED-7D62-4F04-B817-15BB082A5C82}.Debug|Any CPU.ActiveCfg = Debug|Any CPU
		{568F7EED-7D62-4F04-B817-15BB082A5C82}.Debug|Any CPU.Build.0 = Debug|Any CPU
		{568F7EED-7D62-4F04-B817-15BB082A5C82}.Release|Any CPU.ActiveCfg = Release|Any CPU
		{568F7EED-7D62-4F04-B817-15BB082A5C82}.Release|Any CPU.Build.0 = Release|Any CPU
		{1C304A14-519A-49D7-A972-CAB0D0E3610D}.Debug|Any CPU.ActiveCfg = Debug|Any CPU
		{1C304A14-519A-49D7-A972-CAB0D0E3610D}.Debug|Any CPU.Build.0 = Debug|Any CPU
		{1C304A14-519A-49D7-A972-CAB0D0E3610D}.Release|Any CPU.ActiveCfg = Release|Any CPU
		{1C304A14-519A-49D7-A972-CAB0D0E3610D}.Release|Any CPU.Build.0 = Release|Any CPU
	EndGlobalSection
	GlobalSection(SolutionProperties) = preSolution
		HideSolutionNode = FALSE
	EndGlobalSection
	GlobalSection(ExtensibilityGlobals) = postSolution
		SolutionGuid = {04C96E97-7C3E-4B1E-9A85-CB667BB757B6}
	EndGlobalSection
EndGlobal
